Microsoft Visual Studio Solution File, Format Version 12.00
# Visual Studio Version 17
VisualStudioVersion = 17.5.2.0
MinimumVisualStudioVersion = 10.0.40219.1
Project("{FAE04EC0-301F-11D3-BF4B-00C04F79EFBC}") = "LicitAR.Core", "LicitAR.Core\LicitAR.Core.csproj", "{F67723EF-259B-B8B7-F27A-7DA6F0D639C9}"
EndProject
Project("{FAE04EC0-301F-11D3-BF4B-00C04F79EFBC}") = "LicitAR.Web", "LicitAR.Web\LicitAR.Web.csproj", "{57A80A30-AC59-ACEA-6820-2D5D68F2CC61}"
EndProject
Global
	GlobalSection(SolutionConfigurationPlatforms) = preSolution
		Debug|Any CPU = Debug|Any CPU
		Release|Any CPU = Release|Any CPU
	EndGlobalSection
	GlobalSection(ProjectConfigurationPlatforms) = postSolution
		{F67723EF-259B-B8B7-F27A-7DA6F0D639C9}.Debug|Any CPU.ActiveCfg = Debug|Any CPU
		{F67723EF-259B-B8B7-F27A-7DA6F0D639C9}.Debug|Any CPU.Build.0 = Debug|Any CPU
		{F67723EF-259B-B8B7-F27A-7DA6F0D639C9}.Release|Any CPU.ActiveCfg = Release|Any CPU
		{F67723EF-259B-B8B7-F27A-7DA6F0D639C9}.Release|Any CPU.Build.0 = Release|Any CPU
		{57A80A30-AC59-ACEA-6820-2D5D68F2CC61}.Debug|Any CPU.ActiveCfg = Debug|Any CPU
		{57A80A30-AC59-ACEA-6820-2D5D68F2CC61}.Debug|Any CPU.Build.0 = Debug|Any CPU
		{57A80A30-AC59-ACEA-6820-2D5D68F2CC61}.Release|Any CPU.ActiveCfg = Release|Any CPU
		{57A80A30-AC59-ACEA-6820-2D5D68F2CC61}.Release|Any CPU.Build.0 = Release|Any CPU
	EndGlobalSection
	GlobalSection(SolutionProperties) = preSolution
		HideSolutionNode = FALSE
	EndGlobalSection
	GlobalSection(ExtensibilityGlobals) = postSolution
		SolutionGuid = {49F4FD7F-0419-4379-80F4-1596B891FCB3}
	EndGlobalSection
EndGlobal
